
Microsoft Visual Studio Solution File, Format Version 12.00
# Visual Studio 2012
Project("{FAE04EC0-301F-11D3-BF4B-00C04F79EFBC}") = "Phaser", "Phaser.csproj", "{BB30C59B-5B34-4F7C-B5CC-8D49EA280EDA}"
EndProject
Global
	GlobalSection(SolutionConfigurationPlatforms) = preSolution
		Debug|Any CPU = Debug|Any CPU
		Release|Any CPU = Release|Any CPU
	EndGlobalSection
	GlobalSection(ProjectConfigurationPlatforms) = postSolution
		{BB30C59B-5B34-4F7C-B5CC-8D49EA280EDA}.Debug|Any CPU.ActiveCfg = Debug|Any CPU
		{BB30C59B-5B34-4F7C-B5CC-8D49EA280EDA}.Debug|Any CPU.Build.0 = Debug|Any CPU
		{BB30C59B-5B34-4F7C-B5CC-8D49EA280EDA}.Release|Any CPU.ActiveCfg = Release|Any CPU
		{BB30C59B-5B34-4F7C-B5CC-8D49EA280EDA}.Release|Any CPU.Build.0 = Release|Any CPU
	EndGlobalSection
	GlobalSection(SolutionProperties) = preSolution
		HideSolutionNode = FALSE
	EndGlobalSection
EndGlobal
